// !$*UTF8*$!
{
	archiveVersion = 1;
	classes = {
	};
	objectVersion = 56;
	objects = {

/* Begin PBXBuildFile section */
		725D428F2BBCC65B003B061A /* ReturnToRootView1.swift in Sources */ = {isa = PBXBuildFile; fileRef = 725D428E2BBCC655003B061A /* ReturnToRootView1.swift */; };
		725D42912BBCCA9F003B061A /* ReturnToRootView2.swift in Sources */ = {isa = PBXBuildFile; fileRef = 725D42902BBCCA9F003B061A /* ReturnToRootView2.swift */; };
		725D42932BBCCBF6003B061A /* NavigationBarStyleView.swift in Sources */ = {isa = PBXBuildFile; fileRef = 725D42922BBCCBF6003B061A /* NavigationBarStyleView.swift */; };
		725D42972BBCCDCC003B061A /* ToolbarStyleView.swift in Sources */ = {isa = PBXBuildFile; fileRef = 725D42962BBCCDCC003B061A /* ToolbarStyleView.swift */; };
		725D42992BBCCE08003B061A /* NavigationBarEditableView.swift in Sources */ = {isa = PBXBuildFile; fileRef = 725D42982BBCCE01003B061A /* NavigationBarEditableView.swift */; };
		72BF5E5F2BB63B9600A1FBEF /* NavigationTipsApp.swift in Sources */ = {isa = PBXBuildFile; fileRef = 72BF5E5E2BB63B9600A1FBEF /* NavigationTipsApp.swift */; };
		72BF5E612BB63B9600A1FBEF /* InefficientUserNavigationView.swift in Sources */ = {isa = PBXBuildFile; fileRef = 72BF5E602BB63B9600A1FBEF /* InefficientUserNavigationView.swift */; };
		72BF5E632BB63B9700A1FBEF /* Assets.xcassets in Resources */ = {isa = PBXBuildFile; fileRef = 72BF5E622BB63B9700A1FBEF /* Assets.xcassets */; };
		72BF5E672BB63B9700A1FBEF /* Preview Assets.xcassets in Resources */ = {isa = PBXBuildFile; fileRef = 72BF5E662BB63B9700A1FBEF /* Preview Assets.xcassets */; };
		72BF5E6E2BB63CC900A1FBEF /* EfficientUserNavigationView.swift in Sources */ = {isa = PBXBuildFile; fileRef = 72BF5E6D2BB63CC600A1FBEF /* EfficientUserNavigationView.swift */; };
		72BF5E722BB6412700A1FBEF /* ProgrammaticNavigationView1.swift in Sources */ = {isa = PBXBuildFile; fileRef = 72BF5E712BB6412700A1FBEF /* ProgrammaticNavigationView1.swift */; };
		72BF5E742BB642C500A1FBEF /* ProgrammaticNavigationView2.swift in Sources */ = {isa = PBXBuildFile; fileRef = 72BF5E732BB642C500A1FBEF /* ProgrammaticNavigationView2.swift */; };
/* End PBXBuildFile section */

/* Begin PBXFileReference section */
		725D428E2BBCC655003B061A /* ReturnToRootView1.swift */ = {isa = PBXFileReference; lastKnownFileType = sourcecode.swift; path = ReturnToRootView1.swift; sourceTree = "<group>"; };
		725D42902BBCCA9F003B061A /* ReturnToRootView2.swift */ = {isa = PBXFileReference; fileEncoding = 4; lastKnownFileType = sourcecode.swift; path = ReturnToRootView2.swift; sourceTree = "<group>"; };
		725D42922BBCCBF6003B061A /* NavigationBarStyleView.swift */ = {isa = PBXFileReference; lastKnownFileType = sourcecode.swift; path = NavigationBarStyleView.swift; sourceTree = "<group>"; };
		725D42962BBCCDCC003B061A /* ToolbarStyleView.swift */ = {isa = PBXFileReference; lastKnownFileType = sourcecode.swift; path = ToolbarStyleView.swift; sourceTree = "<group>"; };
		725D42982BBCCE01003B061A /* NavigationBarEditableView.swift */ = {isa = PBXFileReference; lastKnownFileType = sourcecode.swift; path = NavigationBarEditableView.swift; sourceTree = "<group>"; };
		72BF5E5B2BB63B9600A1FBEF /* NavigationTips.app */ = {isa = PBXFileReference; explicitFileType = wrapper.application; includeInIndex = 0; path = NavigationTips.app; sourceTree = BUILT_PRODUCTS_DIR; };
		72BF5E5E2BB63B9600A1FBEF /* NavigationTipsApp.swift */ = {isa = PBXFileReference; lastKnownFileType = sourcecode.swift; path = NavigationTipsApp.swift; sourceTree = "<group>"; };
		72BF5E602BB63B9600A1FBEF /* InefficientUserNavigationView.swift */ = {isa = PBXFileReference; lastKnownFileType = sourcecode.swift; path = InefficientUserNavigationView.swift; sourceTree = "<group>"; };
		72BF5E622BB63B9700A1FBEF /* Assets.xcassets */ = {isa = PBXFileReference; lastKnownFileType = folder.assetcatalog; path = Assets.xcassets; sourceTree = "<group>"; };
		72BF5E642BB63B9700A1FBEF /* NavigationTips.entitlements */ = {isa = PBXFileReference; lastKnownFileType = text.plist.entitlements; path = NavigationTips.entitlements; sourceTree = "<group>"; };
		72BF5E662BB63B9700A1FBEF /* Preview Assets.xcassets */ = {isa = PBXFileReference; lastKnownFileType = folder.assetcatalog; path = "Preview Assets.xcassets"; sourceTree = "<group>"; };
		72BF5E6D2BB63CC600A1FBEF /* EfficientUserNavigationView.swift */ = {isa = PBXFileReference; lastKnownFileType = sourcecode.swift; path = EfficientUserNavigationView.swift; sourceTree = "<group>"; };
		72BF5E712BB6412700A1FBEF /* ProgrammaticNavigationView1.swift */ = {isa = PBXFileReference; lastKnownFileType = sourcecode.swift; path = ProgrammaticNavigationView1.swift; sourceTree = "<group>"; };
		72BF5E732BB642C500A1FBEF /* ProgrammaticNavigationView2.swift */ = {isa = PBXFileReference; fileEncoding = 4; lastKnownFileType = sourcecode.swift; path = ProgrammaticNavigationView2.swift; sourceTree = "<group>"; };
/* End PBXFileReference section */

/* Begin PBXFrameworksBuildPhase section */
		72BF5E582BB63B9600A1FBEF /* Frameworks */ = {
			isa = PBXFrameworksBuildPhase;
			buildActionMask = 2147483647;
			files = (
			);
			runOnlyForDeploymentPostprocessing = 0;
		};
/* End PBXFrameworksBuildPhase section */

/* Begin PBXGroup section */
		725D42942BBCCDA7003B061A /* Styling */ = {
			isa = PBXGroup;
			children = (
				725D42982BBCCE01003B061A /* NavigationBarEditableView.swift */,
				725D42922BBCCBF6003B061A /* NavigationBarStyleView.swift */,
				725D42962BBCCDCC003B061A /* ToolbarStyleView.swift */,
			);
			path = Styling;
			sourceTree = "<group>";
		};
		725D42952BBCCDB2003B061A /* Navigating using path var */ = {
			isa = PBXGroup;
			children = (
				72BF5E712BB6412700A1FBEF /* ProgrammaticNavigationView1.swift */,
				72BF5E732BB642C500A1FBEF /* ProgrammaticNavigationView2.swift */,
				725D428E2BBCC655003B061A /* ReturnToRootView1.swift */,
				725D42902BBCCA9F003B061A /* ReturnToRootView2.swift */,
			);
			path = "Navigating using path var";
			sourceTree = "<group>";
		};
		72BF5E522BB63B9600A1FBEF = {
			isa = PBXGroup;
			children = (
				72BF5E5D2BB63B9600A1FBEF /* NavigationTips */,
				72BF5E5C2BB63B9600A1FBEF /* Products */,
			);
			sourceTree = "<group>";
		};
		72BF5E5C2BB63B9600A1FBEF /* Products */ = {
			isa = PBXGroup;
			children = (
				72BF5E5B2BB63B9600A1FBEF /* NavigationTips.app */,
			);
			name = Products;
			sourceTree = "<group>";
		};
		72BF5E5D2BB63B9600A1FBEF /* NavigationTips */ = {
			isa = PBXGroup;
			children = (
				72BF5E5E2BB63B9600A1FBEF /* NavigationTipsApp.swift */,
				72BF5E602BB63B9600A1FBEF /* InefficientUserNavigationView.swift */,
				72BF5E6D2BB63CC600A1FBEF /* EfficientUserNavigationView.swift */,
				725D42952BBCCDB2003B061A /* Navigating using path var */,
				725D42942BBCCDA7003B061A /* Styling */,
				72BF5E622BB63B9700A1FBEF /* Assets.xcassets */,
				72BF5E642BB63B9700A1FBEF /* NavigationTips.entitlements */,
				72BF5E652BB63B9700A1FBEF /* Preview Content */,
			);
			path = NavigationTips;
			sourceTree = "<group>";
		};
		72BF5E652BB63B9700A1FBEF /* Preview Content */ = {
			isa = PBXGroup;
			children = (
				72BF5E662BB63B9700A1FBEF /* Preview Assets.xcassets */,
			);
			path = "Preview Content";
			sourceTree = "<group>";
		};
/* End PBXGroup section */

/* Begin PBXNativeTarget section */
		72BF5E5A2BB63B9600A1FBEF /* NavigationTips */ = {
			isa = PBXNativeTarget;
			buildConfigurationList = 72BF5E6A2BB63B9700A1FBEF /* Build configuration list for PBXNativeTarget "NavigationTips" */;
			buildPhases = (
				72BF5E572BB63B9600A1FBEF /* Sources */,
				72BF5E582BB63B9600A1FBEF /* Frameworks */,
				72BF5E592BB63B9600A1FBEF /* Resources */,
			);
			buildRules = (
			);
			dependencies = (
			);
			name = NavigationTips;
			productName = NavigationTips;
			productReference = 72BF5E5B2BB63B9600A1FBEF /* NavigationTips.app */;
			productType = "com.apple.product-type.application";
		};
/* End PBXNativeTarget section */

/* Begin PBXProject section */
		72BF5E532BB63B9600A1FBEF /* Project object */ = {
			isa = PBXProject;
			attributes = {
				BuildIndependentTargetsInParallel = 1;
				LastSwiftUpdateCheck = 1600;
				LastUpgradeCheck = 1600;
				TargetAttributes = {
					72BF5E5A2BB63B9600A1FBEF = {
						CreatedOnToolsVersion = 16.0;
					};
				};
			};
			buildConfigurationList = 72BF5E562BB63B9600A1FBEF /* Build configuration list for PBXProject "NavigationTips" */;
			compatibilityVersion = "Xcode 14.0";
			developmentRegion = en;
			hasScannedForEncodings = 0;
			knownRegions = (
				en,
				Base,
			);
			mainGroup = 72BF5E522BB63B9600A1FBEF;
			productRefGroup = 72BF5E5C2BB63B9600A1FBEF /* Products */;
			projectDirPath = "";
			projectRoot = "";
			targets = (
				72BF5E5A2BB63B9600A1FBEF /* NavigationTips */,
			);
		};
/* End PBXProject section */

/* Begin PBXResourcesBuildPhase section */
		72BF5E592BB63B9600A1FBEF /* Resources */ = {
			isa = PBXResourcesBuildPhase;
			buildActionMask = 2147483647;
			files = (
				72BF5E672BB63B9700A1FBEF /* Preview Assets.xcassets in Resources */,
				72BF5E632BB63B9700A1FBEF /* Assets.xcassets in Resources */,
			);
			runOnlyForDeploymentPostprocessing = 0;
		};
/* End PBXResourcesBuildPhase section */

/* Begin PBXSourcesBuildPhase section */
		72BF5E572BB63B9600A1FBEF /* Sources */ = {
			isa = PBXSourcesBuildPhase;
			buildActionMask = 2147483647;
			files = (
				725D42992BBCCE08003B061A /* NavigationBarEditableView.swift in Sources */,
				725D42932BBCCBF6003B061A /* NavigationBarStyleView.swift in Sources */,
				72BF5E6E2BB63CC900A1FBEF /* EfficientUserNavigationView.swift in Sources */,
				72BF5E742BB642C500A1FBEF /* ProgrammaticNavigationView2.swift in Sources */,
				72BF5E612BB63B9600A1FBEF /* InefficientUserNavigationView.swift in Sources */,
				72BF5E5F2BB63B9600A1FBEF /* NavigationTipsApp.swift in Sources */,
				72BF5E722BB6412700A1FBEF /* ProgrammaticNavigationView1.swift in Sources */,
				725D42912BBCCA9F003B061A /* ReturnToRootView2.swift in Sources */,
				725D428F2BBCC65B003B061A /* ReturnToRootView1.swift in Sources */,
				725D42972BBCCDCC003B061A /* ToolbarStyleView.swift in Sources */,
			);
			runOnlyForDeploymentPostprocessing = 0;
		};
/* End PBXSourcesBuildPhase section */

/* Begin XCBuildConfiguration section */
		72BF5E682BB63B9700A1FBEF /* Debug */ = {
			isa = XCBuildConfiguration;
			buildSettings = {
				ALWAYS_SEARCH_USER_PATHS = NO;
				ASSETCATALOG_COMPILER_GENERATE_SWIFT_ASSET_SYMBOL_EXTENSIONS = YES;
				CLANG_ANALYZER_NONNULL = YES;
				CLANG_ANALYZER_NUMBER_OBJECT_CONVERSION = YES_AGGRESSIVE;
				CLANG_CXX_LANGUAGE_STANDARD = "gnu++20";
				CLANG_ENABLE_MODULES = YES;
				CLANG_ENABLE_OBJC_ARC = YES;
				CLANG_ENABLE_OBJC_WEAK = YES;
				CLANG_WARN_BLOCK_CAPTURE_AUTORELEASING = YES;
				CLANG_WARN_BOOL_CONVERSION = YES;
				CLANG_WARN_COMMA = YES;
				CLANG_WARN_CONSTANT_CONVERSION = YES;
				CLANG_WARN_DEPRECATED_OBJC_IMPLEMENTATIONS = YES;
				CLANG_WARN_DIRECT_OBJC_ISA_USAGE = YES_ERROR;
				CLANG_WARN_DOCUMENTATION_COMMENTS = YES;
				CLANG_WARN_EMPTY_BODY = YES;
				CLANG_WARN_ENUM_CONVERSION = YES;
				CLANG_WARN_INFINITE_RECURSION = YES;
				CLANG_WARN_INT_CONVERSION = YES;
				CLANG_WARN_NON_LITERAL_NULL_CONVERSION = YES;
				CLANG_WARN_OBJC_IMPLICIT_RETAIN_SELF = YES;
				CLANG_WARN_OBJC_LITERAL_CONVERSION = YES;
				CLANG_WARN_OBJC_ROOT_CLASS = YES_ERROR;
				CLANG_WARN_QUOTED_INCLUDE_IN_FRAMEWORK_HEADER = YES;
				CLANG_WARN_RANGE_LOOP_ANALYSIS = YES;
				CLANG_WARN_STRICT_PROTOTYPES = YES;
				CLANG_WARN_SUSPICIOUS_MOVE = YES;
				CLANG_WARN_UNGUARDED_AVAILABILITY = YES_AGGRESSIVE;
				CLANG_WARN_UNREACHABLE_CODE = YES;
				CLANG_WARN__DUPLICATE_METHOD_MATCH = YES;
				COPY_PHASE_STRIP = NO;
				DEBUG_INFORMATION_FORMAT = dwarf;
				ENABLE_STRICT_OBJC_MSGSEND = YES;
				ENABLE_TESTABILITY = YES;
				ENABLE_USER_SCRIPT_SANDBOXING = YES;
				GCC_C_LANGUAGE_STANDARD = gnu17;
				GCC_DYNAMIC_NO_PIC = NO;
				GCC_NO_COMMON_BLOCKS = YES;
				GCC_OPTIMIZATION_LEVEL = 0;
				GCC_PREPROCESSOR_DEFINITIONS = (
					"DEBUG=1",
					"$(inherited)",
				);
				GCC_WARN_64_TO_32_BIT_CONVERSION = YES;
				GCC_WARN_ABOUT_RETURN_TYPE = YES_ERROR;
				GCC_WARN_UNDECLARED_SELECTOR = YES;
				GCC_WARN_UNINITIALIZED_AUTOS = YES_AGGRESSIVE;
				GCC_WARN_UNUSED_FUNCTION = YES;
				GCC_WARN_UNUSED_VARIABLE = YES;
				LOCALIZATION_PREFERS_STRING_CATALOGS = YES;
				MTL_ENABLE_DEBUG_INFO = INCLUDE_SOURCE;
				MTL_FAST_MATH = YES;
				ONLY_ACTIVE_ARCH = YES;
				SWIFT_ACTIVE_COMPILATION_CONDITIONS = "DEBUG $(inherited)";
				SWIFT_OPTIMIZATION_LEVEL = "-Onone";
			};
			name = Debug;
		};
		72BF5E692BB63B9700A1FBEF /* Release */ = {
			isa = XCBuildConfiguration;
			buildSettings = {
				ALWAYS_SEARCH_USER_PATHS = NO;
				ASSETCATALOG_COMPILER_GENERATE_SWIFT_ASSET_SYMBOL_EXTENSIONS = YES;
				CLANG_ANALYZER_NONNULL = YES;
				CLANG_ANALYZER_NUMBER_OBJECT_CONVERSION = YES_AGGRESSIVE;
				CLANG_CXX_LANGUAGE_STANDARD = "gnu++20";
				CLANG_ENABLE_MODULES = YES;
				CLANG_ENABLE_OBJC_ARC = YES;
				CLANG_ENABLE_OBJC_WEAK = YES;
				CLANG_WARN_BLOCK_CAPTURE_AUTORELEASING = YES;
				CLANG_WARN_BOOL_CONVERSION = YES;
				CLANG_WARN_COMMA = YES;
				CLANG_WARN_CONSTANT_CONVERSION = YES;
				CLANG_WARN_DEPRECATED_OBJC_IMPLEMENTATIONS = YES;
				CLANG_WARN_DIRECT_OBJC_ISA_USAGE = YES_ERROR;
				CLANG_WARN_DOCUMENTATION_COMMENTS = YES;
				CLANG_WARN_EMPTY_BODY = YES;
				CLANG_WARN_ENUM_CONVERSION = YES;
				CLANG_WARN_INFINITE_RECURSION = YES;
				CLANG_WARN_INT_CONVERSION = YES;
				CLANG_WARN_NON_LITERAL_NULL_CONVERSION = YES;
				CLANG_WARN_OBJC_IMPLICIT_RETAIN_SELF = YES;
				CLANG_WARN_OBJC_LITERAL_CONVERSION = YES;
				CLANG_WARN_OBJC_ROOT_CLASS = YES_ERROR;
				CLANG_WARN_QUOTED_INCLUDE_IN_FRAMEWORK_HEADER = YES;
				CLANG_WARN_RANGE_LOOP_ANALYSIS = YES;
				CLANG_WARN_STRICT_PROTOTYPES = YES;
				CLANG_WARN_SUSPICIOUS_MOVE = YES;
				CLANG_WARN_UNGUARDED_AVAILABILITY = YES_AGGRESSIVE;
				CLANG_WARN_UNREACHABLE_CODE = YES;
				CLANG_WARN__DUPLICATE_METHOD_MATCH = YES;
				COPY_PHASE_STRIP = NO;
				DEBUG_INFORMATION_FORMAT = "dwarf-with-dsym";
				ENABLE_NS_ASSERTIONS = NO;
				ENABLE_STRICT_OBJC_MSGSEND = YES;
				ENABLE_USER_SCRIPT_SANDBOXING = YES;
				GCC_C_LANGUAGE_STANDARD = gnu17;
				GCC_NO_COMMON_BLOCKS = YES;
				GCC_WARN_64_TO_32_BIT_CONVERSION = YES;
				GCC_WARN_ABOUT_RETURN_TYPE = YES_ERROR;
				GCC_WARN_UNDECLARED_SELECTOR = YES;
				GCC_WARN_UNINITIALIZED_AUTOS = YES_AGGRESSIVE;
				GCC_WARN_UNUSED_FUNCTION = YES;
				GCC_WARN_UNUSED_VARIABLE = YES;
				LOCALIZATION_PREFERS_STRING_CATALOGS = YES;
				MTL_ENABLE_DEBUG_INFO = NO;
				MTL_FAST_MATH = YES;
				SWIFT_COMPILATION_MODE = wholemodule;
			};
			name = Release;
		};
		72BF5E6B2BB63B9700A1FBEF /* Debug */ = {
			isa = XCBuildConfiguration;
			buildSettings = {
				ASSETCATALOG_COMPILER_APPICON_NAME = AppIcon;
				ASSETCATALOG_COMPILER_GLOBAL_ACCENT_COLOR_NAME = AccentColor;
				CODE_SIGN_ENTITLEMENTS = NavigationTips/NavigationTips.entitlements;
				CODE_SIGN_STYLE = Automatic;
				CURRENT_PROJECT_VERSION = 1;
				DEVELOPMENT_ASSET_PATHS = "\"NavigationTips/Preview Content\"";
				ENABLE_PREVIEWS = YES;
				GENERATE_INFOPLIST_FILE = YES;
				"INFOPLIST_KEY_UIApplicationSceneManifest_Generation[sdk=iphoneos*]" = YES;
				"INFOPLIST_KEY_UIApplicationSceneManifest_Generation[sdk=iphonesimulator*]" = YES;
				"INFOPLIST_KEY_UIApplicationSupportsIndirectInputEvents[sdk=iphoneos*]" = YES;
				"INFOPLIST_KEY_UIApplicationSupportsIndirectInputEvents[sdk=iphonesimulator*]" = YES;
				"INFOPLIST_KEY_UILaunchScreen_Generation[sdk=iphoneos*]" = YES;
				"INFOPLIST_KEY_UILaunchScreen_Generation[sdk=iphonesimulator*]" = YES;
				"INFOPLIST_KEY_UIStatusBarStyle[sdk=iphoneos*]" = UIStatusBarStyleDefault;
				"INFOPLIST_KEY_UIStatusBarStyle[sdk=iphonesimulator*]" = UIStatusBarStyleDefault;
				INFOPLIST_KEY_UISupportedInterfaceOrientations_iPad = "UIInterfaceOrientationPortrait UIInterfaceOrientationPortraitUpsideDown UIInterfaceOrientationLandscapeLeft UIInterfaceOrientationLandscapeRight";
				INFOPLIST_KEY_UISupportedInterfaceOrientations_iPhone = "UIInterfaceOrientationPortrait UIInterfaceOrientationLandscapeLeft UIInterfaceOrientationLandscapeRight";
				IPHONEOS_DEPLOYMENT_TARGET = 18.0;
				LD_RUNPATH_SEARCH_PATHS = "@executable_path/Frameworks";
				"LD_RUNPATH_SEARCH_PATHS[sdk=macosx*]" = "@executable_path/../Frameworks";
				MACOSX_DEPLOYMENT_TARGET = 14.1;
				MARKETING_VERSION = 1.0;
				PRODUCT_BUNDLE_IDENTIFIER = com.nataliealvarez.NavigationTips;
				PRODUCT_NAME = "$(TARGET_NAME)";
				SDKROOT = auto;
				SUPPORTED_PLATFORMS = "iphoneos iphonesimulator macosx";
				SWIFT_EMIT_LOC_STRINGS = YES;
				SWIFT_VERSION = 5.0;
				TARGETED_DEVICE_FAMILY = "1,2";
			};
			name = Debug;
		};
		72BF5E6C2BB63B9700A1FBEF /* Release */ = {
			isa = XCBuildConfiguration;
			buildSettings = {
				ASSETCATALOG_COMPILER_APPICON_NAME = AppIcon;
				ASSETCATALOG_COMPILER_GLOBAL_ACCENT_COLOR_NAME = AccentColor;
				CODE_SIGN_ENTITLEMENTS = NavigationTips/NavigationTips.entitlements;
				CODE_SIGN_STYLE = Automatic;
				CURRENT_PROJECT_VERSION = 1;
				DEVELOPMENT_ASSET_PATHS = "\"NavigationTips/Preview Content\"";
				ENABLE_PREVIEWS = YES;
				GENERATE_INFOPLIST_FILE = YES;
				"INFOPLIST_KEY_UIApplicationSceneManifest_Generation[sdk=iphoneos*]" = YES;
				"INFOPLIST_KEY_UIApplicationSceneManifest_Generation[sdk=iphonesimulator*]" = YES;
				"INFOPLIST_KEY_UIApplicationSupportsIndirectInputEvents[sdk=iphoneos*]" = YES;
				"INFOPLIST_KEY_UIApplicationSupportsIndirectInputEvents[sdk=iphonesimulator*]" = YES;
				"INFOPLIST_KEY_UILaunchScreen_Generation[sdk=iphoneos*]" = YES;
				"INFOPLIST_KEY_UILaunchScreen_Generation[sdk=iphonesimulator*]" = YES;
				"INFOPLIST_KEY_UIStatusBarStyle[sdk=iphoneos*]" = UIStatusBarStyleDefault;
				"INFOPLIST_KEY_UIStatusBarStyle[sdk=iphonesimulator*]" = UIStatusBarStyleDefault;
				INFOPLIST_KEY_UISupportedInterfaceOrientations_iPad = "UIInterfaceOrientationPortrait UIInterfaceOrientationPortraitUpsideDown UIInterfaceOrientationLandscapeLeft UIInterfaceOrientationLandscapeRight";
				INFOPLIST_KEY_UISupportedInterfaceOrientations_iPhone = "UIInterfaceOrientationPortrait UIInterfaceOrientationLandscapeLeft UIInterfaceOrientationLandscapeRight";
				IPHONEOS_DEPLOYMENT_TARGET = 18.0;
				LD_RUNPATH_SEARCH_PATHS = "@executable_path/Frameworks";
				"LD_RUNPATH_SEARCH_PATHS[sdk=macosx*]" = "@executable_path/../Frameworks";
				MACOSX_DEPLOYMENT_TARGET = 14.1;
				MARKETING_VERSION = 1.0;
				PRODUCT_BUNDLE_IDENTIFIER = com.nataliealvarez.NavigationTips;
				PRODUCT_NAME = "$(TARGET_NAME)";
				SDKROOT = auto;
				SUPPORTED_PLATFORMS = "iphoneos iphonesimulator macosx";
				SWIFT_EMIT_LOC_STRINGS = YES;
				SWIFT_VERSION = 5.0;
				TARGETED_DEVICE_FAMILY = "1,2";
			};
			name = Release;
		};
/* End XCBuildConfiguration section */

/* Begin XCConfigurationList section */
		72BF5E562BB63B9600A1FBEF /* Build configuration list for PBXProject "NavigationTips" */ = {
			isa = XCConfigurationList;
			buildConfigurations = (
				72BF5E682BB63B9700A1FBEF /* Debug */,
				72BF5E692BB63B9700A1FBEF /* Release */,
			);
			defaultConfigurationIsVisible = 0;
			defaultConfigurationName = Release;
		};
		72BF5E6A2BB63B9700A1FBEF /* Build configuration list for PBXNativeTarget "NavigationTips" */ = {
			isa = XCConfigurationList;
			buildConfigurations = (
				72BF5E6B2BB63B9700A1FBEF /* Debug */,
				72BF5E6C2BB63B9700A1FBEF /* Release */,
			);
			defaultConfigurationIsVisible = 0;
			defaultConfigurationName = Release;
		};
/* End XCConfigurationList section */
	};
	rootObject = 72BF5E532BB63B9600A1FBEF /* Project object */;
}
