// !$*UTF8*$!
{
	archiveVersion = 1;
	classes = {
	};
	objectVersion = 56;
	objects = {

/* Begin PBXBuildFile section */
		721DEE652BD993340081471F /* HowToUseTextEditorView.swift in Sources */ = {isa = PBXBuildFile; fileRef = 721DEE642BD993340081471F /* HowToUseTextEditorView.swift */; };
		721DEE672BD995C00081471F /* Student.swift in Sources */ = {isa = PBXBuildFile; fileRef = 721DEE662BD995C00081471F /* Student.swift */; };
		721DEE692BD997B40081471F /* StudentView.swift in Sources */ = {isa = PBXBuildFile; fileRef = 721DEE682BD997B40081471F /* StudentView.swift */; };
		721DEE6B2BD999120081471F /* StudentApp.swift in Sources */ = {isa = PBXBuildFile; fileRef = 721DEE6A2BD999120081471F /* StudentApp.swift */; };
		721DEE6D2BD9992A0081471F /* ContentView.swift in Sources */ = {isa = PBXBuildFile; fileRef = 721DEE6C2BD9992A0081471F /* ContentView.swift */; };
		728A1C2C2BD98E470071E9B9 /* BookwormApp.swift in Sources */ = {isa = PBXBuildFile; fileRef = 728A1C2B2BD98E470071E9B9 /* BookwormApp.swift */; };
		728A1C2E2BD98E470071E9B9 /* HowToUseBindingView.swift in Sources */ = {isa = PBXBuildFile; fileRef = 728A1C2D2BD98E470071E9B9 /* HowToUseBindingView.swift */; };
		728A1C302BD98E480071E9B9 /* Assets.xcassets in Resources */ = {isa = PBXBuildFile; fileRef = 728A1C2F2BD98E480071E9B9 /* Assets.xcassets */; };
		728A1C342BD98E480071E9B9 /* Preview Assets.xcassets in Resources */ = {isa = PBXBuildFile; fileRef = 728A1C332BD98E480071E9B9 /* Preview Assets.xcassets */; };
		72A20A002BDAC59E00AFAA3C /* Book.swift in Sources */ = {isa = PBXBuildFile; fileRef = 72A209FF2BDAC59E00AFAA3C /* Book.swift */; };
		72A20A022BDAC62900AFAA3C /* AddBookView.swift in Sources */ = {isa = PBXBuildFile; fileRef = 72A20A012BDAC62900AFAA3C /* AddBookView.swift */; };
		72A20A042BDAC8FD00AFAA3C /* RatingView.swift in Sources */ = {isa = PBXBuildFile; fileRef = 72A20A032BDAC8FD00AFAA3C /* RatingView.swift */; };
		72A20A062BDAE3ED00AFAA3C /* StarButton.swift in Sources */ = {isa = PBXBuildFile; fileRef = 72A20A052BDAE3EA00AFAA3C /* StarButton.swift */; };
		72A20A082BDAE54500AFAA3C /* EmojiRatingView.swift in Sources */ = {isa = PBXBuildFile; fileRef = 72A20A072BDAE54500AFAA3C /* EmojiRatingView.swift */; };
		72A20A0A2BDAE68600AFAA3C /* DetailView.swift in Sources */ = {isa = PBXBuildFile; fileRef = 72A20A092BDAE68600AFAA3C /* DetailView.swift */; };
/* End PBXBuildFile section */

/* Begin PBXFileReference section */
		721DEE642BD993340081471F /* HowToUseTextEditorView.swift */ = {isa = PBXFileReference; lastKnownFileType = sourcecode.swift; path = HowToUseTextEditorView.swift; sourceTree = "<group>"; };
		721DEE662BD995C00081471F /* Student.swift */ = {isa = PBXFileReference; lastKnownFileType = sourcecode.swift; path = Student.swift; sourceTree = "<group>"; };
		721DEE682BD997B40081471F /* StudentView.swift */ = {isa = PBXFileReference; lastKnownFileType = sourcecode.swift; path = StudentView.swift; sourceTree = "<group>"; };
		721DEE6A2BD999120081471F /* StudentApp.swift */ = {isa = PBXFileReference; fileEncoding = 4; lastKnownFileType = sourcecode.swift; path = StudentApp.swift; sourceTree = "<group>"; };
		721DEE6C2BD9992A0081471F /* ContentView.swift */ = {isa = PBXFileReference; lastKnownFileType = sourcecode.swift; path = ContentView.swift; sourceTree = "<group>"; };
		728A1C282BD98E470071E9B9 /* Bookworm.app */ = {isa = PBXFileReference; explicitFileType = wrapper.application; includeInIndex = 0; path = Bookworm.app; sourceTree = BUILT_PRODUCTS_DIR; };
		728A1C2B2BD98E470071E9B9 /* BookwormApp.swift */ = {isa = PBXFileReference; lastKnownFileType = sourcecode.swift; path = BookwormApp.swift; sourceTree = "<group>"; };
		728A1C2D2BD98E470071E9B9 /* HowToUseBindingView.swift */ = {isa = PBXFileReference; lastKnownFileType = sourcecode.swift; path = HowToUseBindingView.swift; sourceTree = "<group>"; };
		728A1C2F2BD98E480071E9B9 /* Assets.xcassets */ = {isa = PBXFileReference; lastKnownFileType = folder.assetcatalog; path = Assets.xcassets; sourceTree = "<group>"; };
		728A1C312BD98E480071E9B9 /* Bookworm.entitlements */ = {isa = PBXFileReference; lastKnownFileType = text.plist.entitlements; path = Bookworm.entitlements; sourceTree = "<group>"; };
		728A1C332BD98E480071E9B9 /* Preview Assets.xcassets */ = {isa = PBXFileReference; lastKnownFileType = folder.assetcatalog; path = "Preview Assets.xcassets"; sourceTree = "<group>"; };
		72A209FF2BDAC59E00AFAA3C /* Book.swift */ = {isa = PBXFileReference; lastKnownFileType = sourcecode.swift; path = Book.swift; sourceTree = "<group>"; };
		72A20A012BDAC62900AFAA3C /* AddBookView.swift */ = {isa = PBXFileReference; lastKnownFileType = sourcecode.swift; path = AddBookView.swift; sourceTree = "<group>"; };
		72A20A032BDAC8FD00AFAA3C /* RatingView.swift */ = {isa = PBXFileReference; lastKnownFileType = sourcecode.swift; path = RatingView.swift; sourceTree = "<group>"; };
		72A20A052BDAE3EA00AFAA3C /* StarButton.swift */ = {isa = PBXFileReference; lastKnownFileType = sourcecode.swift; path = StarButton.swift; sourceTree = "<group>"; };
		72A20A072BDAE54500AFAA3C /* EmojiRatingView.swift */ = {isa = PBXFileReference; lastKnownFileType = sourcecode.swift; path = EmojiRatingView.swift; sourceTree = "<group>"; };
		72A20A092BDAE68600AFAA3C /* DetailView.swift */ = {isa = PBXFileReference; lastKnownFileType = sourcecode.swift; path = DetailView.swift; sourceTree = "<group>"; };
/* End PBXFileReference section */

/* Begin PBXFrameworksBuildPhase section */
		728A1C252BD98E470071E9B9 /* Frameworks */ = {
			isa = PBXFrameworksBuildPhase;
			buildActionMask = 2147483647;
			files = (
			);
			runOnlyForDeploymentPostprocessing = 0;
		};
/* End PBXFrameworksBuildPhase section */

/* Begin PBXGroup section */
		721DEE632BD9907F0081471F /* Lessons */ = {
			isa = PBXGroup;
			children = (
				721DEE6E2BD999340081471F /* HowToUseSwiftData */,
				728A1C2D2BD98E470071E9B9 /* HowToUseBindingView.swift */,
				721DEE642BD993340081471F /* HowToUseTextEditorView.swift */,
			);
			path = Lessons;
			sourceTree = "<group>";
		};
		721DEE6E2BD999340081471F /* HowToUseSwiftData */ = {
			isa = PBXGroup;
			children = (
				721DEE6A2BD999120081471F /* StudentApp.swift */,
				721DEE682BD997B40081471F /* StudentView.swift */,
				721DEE662BD995C00081471F /* Student.swift */,
			);
			path = HowToUseSwiftData;
			sourceTree = "<group>";
		};
		728A1C1F2BD98E470071E9B9 = {
			isa = PBXGroup;
			children = (
				728A1C2A2BD98E470071E9B9 /* Bookworm */,
				728A1C292BD98E470071E9B9 /* Products */,
			);
			sourceTree = "<group>";
		};
		728A1C292BD98E470071E9B9 /* Products */ = {
			isa = PBXGroup;
			children = (
				728A1C282BD98E470071E9B9 /* Bookworm.app */,
			);
			name = Products;
			sourceTree = "<group>";
		};
		728A1C2A2BD98E470071E9B9 /* Bookworm */ = {
			isa = PBXGroup;
			children = (
				728A1C2B2BD98E470071E9B9 /* BookwormApp.swift */,
				72A20A012BDAC62900AFAA3C /* AddBookView.swift */,
				721DEE6C2BD9992A0081471F /* ContentView.swift */,
				72A20A092BDAE68600AFAA3C /* DetailView.swift */,
				72A20A072BDAE54500AFAA3C /* EmojiRatingView.swift */,
				72A20A032BDAC8FD00AFAA3C /* RatingView.swift */,
				72A20A0C2BDAE6BB00AFAA3C /* Buttons */,
				72A20A0B2BDAE6B100AFAA3C /* Model */,
				721DEE632BD9907F0081471F /* Lessons */,
				728A1C2F2BD98E480071E9B9 /* Assets.xcassets */,
				728A1C312BD98E480071E9B9 /* Bookworm.entitlements */,
				728A1C322BD98E480071E9B9 /* Preview Content */,
			);
			path = Bookworm;
			sourceTree = "<group>";
		};
		728A1C322BD98E480071E9B9 /* Preview Content */ = {
			isa = PBXGroup;
			children = (
				728A1C332BD98E480071E9B9 /* Preview Assets.xcassets */,
			);
			path = "Preview Content";
			sourceTree = "<group>";
		};
		72A20A0B2BDAE6B100AFAA3C /* Model */ = {
			isa = PBXGroup;
			children = (
				72A209FF2BDAC59E00AFAA3C /* Book.swift */,
			);
			path = Model;
			sourceTree = "<group>";
		};
		72A20A0C2BDAE6BB00AFAA3C /* Buttons */ = {
			isa = PBXGroup;
			children = (
				72A20A052BDAE3EA00AFAA3C /* StarButton.swift */,
			);
			path = Buttons;
			sourceTree = "<group>";
		};
/* End PBXGroup section */

/* Begin PBXNativeTarget section */
		728A1C272BD98E470071E9B9 /* Bookworm */ = {
			isa = PBXNativeTarget;
			buildConfigurationList = 728A1C372BD98E480071E9B9 /* Build configuration list for PBXNativeTarget "Bookworm" */;
			buildPhases = (
				728A1C242BD98E470071E9B9 /* Sources */,
				728A1C252BD98E470071E9B9 /* Frameworks */,
				728A1C262BD98E470071E9B9 /* Resources */,
			);
			buildRules = (
			);
			dependencies = (
			);
			name = Bookworm;
			productName = Bookworm;
			productReference = 728A1C282BD98E470071E9B9 /* Bookworm.app */;
			productType = "com.apple.product-type.application";
		};
/* End PBXNativeTarget section */

/* Begin PBXProject section */
		728A1C202BD98E470071E9B9 /* Project object */ = {
			isa = PBXProject;
			attributes = {
				BuildIndependentTargetsInParallel = 1;
				LastSwiftUpdateCheck = 1520;
				LastUpgradeCheck = 1520;
				TargetAttributes = {
					728A1C272BD98E470071E9B9 = {
						CreatedOnToolsVersion = 15.2;
					};
				};
			};
			buildConfigurationList = 728A1C232BD98E470071E9B9 /* Build configuration list for PBXProject "Bookworm" */;
			compatibilityVersion = "Xcode 14.0";
			developmentRegion = en;
			hasScannedForEncodings = 0;
			knownRegions = (
				en,
				Base,
			);
			mainGroup = 728A1C1F2BD98E470071E9B9;
			productRefGroup = 728A1C292BD98E470071E9B9 /* Products */;
			projectDirPath = "";
			projectRoot = "";
			targets = (
				728A1C272BD98E470071E9B9 /* Bookworm */,
			);
		};
/* End PBXProject section */

/* Begin PBXResourcesBuildPhase section */
		728A1C262BD98E470071E9B9 /* Resources */ = {
			isa = PBXResourcesBuildPhase;
			buildActionMask = 2147483647;
			files = (
				728A1C342BD98E480071E9B9 /* Preview Assets.xcassets in Resources */,
				728A1C302BD98E480071E9B9 /* Assets.xcassets in Resources */,
			);
			runOnlyForDeploymentPostprocessing = 0;
		};
/* End PBXResourcesBuildPhase section */

/* Begin PBXSourcesBuildPhase section */
		728A1C242BD98E470071E9B9 /* Sources */ = {
			isa = PBXSourcesBuildPhase;
			buildActionMask = 2147483647;
			files = (
				72A20A002BDAC59E00AFAA3C /* Book.swift in Sources */,
				72A20A022BDAC62900AFAA3C /* AddBookView.swift in Sources */,
				728A1C2E2BD98E470071E9B9 /* HowToUseBindingView.swift in Sources */,
				72A20A042BDAC8FD00AFAA3C /* RatingView.swift in Sources */,
				72A20A082BDAE54500AFAA3C /* EmojiRatingView.swift in Sources */,
				721DEE692BD997B40081471F /* StudentView.swift in Sources */,
				721DEE6D2BD9992A0081471F /* ContentView.swift in Sources */,
				72A20A0A2BDAE68600AFAA3C /* DetailView.swift in Sources */,
				728A1C2C2BD98E470071E9B9 /* BookwormApp.swift in Sources */,
				721DEE6B2BD999120081471F /* StudentApp.swift in Sources */,
				721DEE652BD993340081471F /* HowToUseTextEditorView.swift in Sources */,
				72A20A062BDAE3ED00AFAA3C /* StarButton.swift in Sources */,
				721DEE672BD995C00081471F /* Student.swift in Sources */,
			);
			runOnlyForDeploymentPostprocessing = 0;
		};
/* End PBXSourcesBuildPhase section */

/* Begin XCBuildConfiguration section */
		728A1C352BD98E480071E9B9 /* Debug */ = {
			isa = XCBuildConfiguration;
			buildSettings = {
				ALWAYS_SEARCH_USER_PATHS = NO;
				ASSETCATALOG_COMPILER_GENERATE_SWIFT_ASSET_SYMBOL_EXTENSIONS = YES;
				CLANG_ANALYZER_NONNULL = YES;
				CLANG_ANALYZER_NUMBER_OBJECT_CONVERSION = YES_AGGRESSIVE;
				CLANG_CXX_LANGUAGE_STANDARD = "gnu++20";
				CLANG_ENABLE_MODULES = YES;
				CLANG_ENABLE_OBJC_ARC = YES;
				CLANG_ENABLE_OBJC_WEAK = YES;
				CLANG_WARN_BLOCK_CAPTURE_AUTORELEASING = YES;
				CLANG_WARN_BOOL_CONVERSION = YES;
				CLANG_WARN_COMMA = YES;
				CLANG_WARN_CONSTANT_CONVERSION = YES;
				CLANG_WARN_DEPRECATED_OBJC_IMPLEMENTATIONS = YES;
				CLANG_WARN_DIRECT_OBJC_ISA_USAGE = YES_ERROR;
				CLANG_WARN_DOCUMENTATION_COMMENTS = YES;
				CLANG_WARN_EMPTY_BODY = YES;
				CLANG_WARN_ENUM_CONVERSION = YES;
				CLANG_WARN_INFINITE_RECURSION = YES;
				CLANG_WARN_INT_CONVERSION = YES;
				CLANG_WARN_NON_LITERAL_NULL_CONVERSION = YES;
				CLANG_WARN_OBJC_IMPLICIT_RETAIN_SELF = YES;
				CLANG_WARN_OBJC_LITERAL_CONVERSION = YES;
				CLANG_WARN_OBJC_ROOT_CLASS = YES_ERROR;
				CLANG_WARN_QUOTED_INCLUDE_IN_FRAMEWORK_HEADER = YES;
				CLANG_WARN_RANGE_LOOP_ANALYSIS = YES;
				CLANG_WARN_STRICT_PROTOTYPES = YES;
				CLANG_WARN_SUSPICIOUS_MOVE = YES;
				CLANG_WARN_UNGUARDED_AVAILABILITY = YES_AGGRESSIVE;
				CLANG_WARN_UNREACHABLE_CODE = YES;
				CLANG_WARN__DUPLICATE_METHOD_MATCH = YES;
				COPY_PHASE_STRIP = NO;
				DEBUG_INFORMATION_FORMAT = dwarf;
				ENABLE_STRICT_OBJC_MSGSEND = YES;
				ENABLE_TESTABILITY = YES;
				ENABLE_USER_SCRIPT_SANDBOXING = YES;
				GCC_C_LANGUAGE_STANDARD = gnu17;
				GCC_DYNAMIC_NO_PIC = NO;
				GCC_NO_COMMON_BLOCKS = YES;
				GCC_OPTIMIZATION_LEVEL = 0;
				GCC_PREPROCESSOR_DEFINITIONS = (
					"DEBUG=1",
					"$(inherited)",
				);
				GCC_WARN_64_TO_32_BIT_CONVERSION = YES;
				GCC_WARN_ABOUT_RETURN_TYPE = YES_ERROR;
				GCC_WARN_UNDECLARED_SELECTOR = YES;
				GCC_WARN_UNINITIALIZED_AUTOS = YES_AGGRESSIVE;
				GCC_WARN_UNUSED_FUNCTION = YES;
				GCC_WARN_UNUSED_VARIABLE = YES;
				LOCALIZATION_PREFERS_STRING_CATALOGS = YES;
				MTL_ENABLE_DEBUG_INFO = INCLUDE_SOURCE;
				MTL_FAST_MATH = YES;
				ONLY_ACTIVE_ARCH = YES;
				SWIFT_ACTIVE_COMPILATION_CONDITIONS = "DEBUG $(inherited)";
				SWIFT_OPTIMIZATION_LEVEL = "-Onone";
			};
			name = Debug;
		};
		728A1C362BD98E480071E9B9 /* Release */ = {
			isa = XCBuildConfiguration;
			buildSettings = {
				ALWAYS_SEARCH_USER_PATHS = NO;
				ASSETCATALOG_COMPILER_GENERATE_SWIFT_ASSET_SYMBOL_EXTENSIONS = YES;
				CLANG_ANALYZER_NONNULL = YES;
				CLANG_ANALYZER_NUMBER_OBJECT_CONVERSION = YES_AGGRESSIVE;
				CLANG_CXX_LANGUAGE_STANDARD = "gnu++20";
				CLANG_ENABLE_MODULES = YES;
				CLANG_ENABLE_OBJC_ARC = YES;
				CLANG_ENABLE_OBJC_WEAK = YES;
				CLANG_WARN_BLOCK_CAPTURE_AUTORELEASING = YES;
				CLANG_WARN_BOOL_CONVERSION = YES;
				CLANG_WARN_COMMA = YES;
				CLANG_WARN_CONSTANT_CONVERSION = YES;
				CLANG_WARN_DEPRECATED_OBJC_IMPLEMENTATIONS = YES;
				CLANG_WARN_DIRECT_OBJC_ISA_USAGE = YES_ERROR;
				CLANG_WARN_DOCUMENTATION_COMMENTS = YES;
				CLANG_WARN_EMPTY_BODY = YES;
				CLANG_WARN_ENUM_CONVERSION = YES;
				CLANG_WARN_INFINITE_RECURSION = YES;
				CLANG_WARN_INT_CONVERSION = YES;
				CLANG_WARN_NON_LITERAL_NULL_CONVERSION = YES;
				CLANG_WARN_OBJC_IMPLICIT_RETAIN_SELF = YES;
				CLANG_WARN_OBJC_LITERAL_CONVERSION = YES;
				CLANG_WARN_OBJC_ROOT_CLASS = YES_ERROR;
				CLANG_WARN_QUOTED_INCLUDE_IN_FRAMEWORK_HEADER = YES;
				CLANG_WARN_RANGE_LOOP_ANALYSIS = YES;
				CLANG_WARN_STRICT_PROTOTYPES = YES;
				CLANG_WARN_SUSPICIOUS_MOVE = YES;
				CLANG_WARN_UNGUARDED_AVAILABILITY = YES_AGGRESSIVE;
				CLANG_WARN_UNREACHABLE_CODE = YES;
				CLANG_WARN__DUPLICATE_METHOD_MATCH = YES;
				COPY_PHASE_STRIP = NO;
				DEBUG_INFORMATION_FORMAT = "dwarf-with-dsym";
				ENABLE_NS_ASSERTIONS = NO;
				ENABLE_STRICT_OBJC_MSGSEND = YES;
				ENABLE_USER_SCRIPT_SANDBOXING = YES;
				GCC_C_LANGUAGE_STANDARD = gnu17;
				GCC_NO_COMMON_BLOCKS = YES;
				GCC_WARN_64_TO_32_BIT_CONVERSION = YES;
				GCC_WARN_ABOUT_RETURN_TYPE = YES_ERROR;
				GCC_WARN_UNDECLARED_SELECTOR = YES;
				GCC_WARN_UNINITIALIZED_AUTOS = YES_AGGRESSIVE;
				GCC_WARN_UNUSED_FUNCTION = YES;
				GCC_WARN_UNUSED_VARIABLE = YES;
				LOCALIZATION_PREFERS_STRING_CATALOGS = YES;
				MTL_ENABLE_DEBUG_INFO = NO;
				MTL_FAST_MATH = YES;
				SWIFT_COMPILATION_MODE = wholemodule;
			};
			name = Release;
		};
		728A1C382BD98E480071E9B9 /* Debug */ = {
			isa = XCBuildConfiguration;
			buildSettings = {
				ASSETCATALOG_COMPILER_APPICON_NAME = AppIcon;
				ASSETCATALOG_COMPILER_GLOBAL_ACCENT_COLOR_NAME = AccentColor;
				CODE_SIGN_ENTITLEMENTS = Bookworm/Bookworm.entitlements;
				CODE_SIGN_STYLE = Automatic;
				CURRENT_PROJECT_VERSION = 1;
				DEVELOPMENT_ASSET_PATHS = "\"Bookworm/Preview Content\"";
				ENABLE_PREVIEWS = YES;
				GENERATE_INFOPLIST_FILE = YES;
				"INFOPLIST_KEY_UIApplicationSceneManifest_Generation[sdk=iphoneos*]" = YES;
				"INFOPLIST_KEY_UIApplicationSceneManifest_Generation[sdk=iphonesimulator*]" = YES;
				"INFOPLIST_KEY_UIApplicationSupportsIndirectInputEvents[sdk=iphoneos*]" = YES;
				"INFOPLIST_KEY_UIApplicationSupportsIndirectInputEvents[sdk=iphonesimulator*]" = YES;
				"INFOPLIST_KEY_UILaunchScreen_Generation[sdk=iphoneos*]" = YES;
				"INFOPLIST_KEY_UILaunchScreen_Generation[sdk=iphonesimulator*]" = YES;
				"INFOPLIST_KEY_UIStatusBarStyle[sdk=iphoneos*]" = UIStatusBarStyleDefault;
				"INFOPLIST_KEY_UIStatusBarStyle[sdk=iphonesimulator*]" = UIStatusBarStyleDefault;
				INFOPLIST_KEY_UISupportedInterfaceOrientations_iPad = "UIInterfaceOrientationPortrait UIInterfaceOrientationPortraitUpsideDown UIInterfaceOrientationLandscapeLeft UIInterfaceOrientationLandscapeRight";
				INFOPLIST_KEY_UISupportedInterfaceOrientations_iPhone = "UIInterfaceOrientationPortrait UIInterfaceOrientationLandscapeLeft UIInterfaceOrientationLandscapeRight";
				IPHONEOS_DEPLOYMENT_TARGET = 17.5;
				LD_RUNPATH_SEARCH_PATHS = "@executable_path/Frameworks";
				"LD_RUNPATH_SEARCH_PATHS[sdk=macosx*]" = "@executable_path/../Frameworks";
				MACOSX_DEPLOYMENT_TARGET = 14.2;
				MARKETING_VERSION = 1.0;
				PRODUCT_BUNDLE_IDENTIFIER = com.nataliealvarez.Bookworm;
				PRODUCT_NAME = "$(TARGET_NAME)";
				SDKROOT = auto;
				SUPPORTED_PLATFORMS = "iphoneos iphonesimulator macosx";
				SWIFT_EMIT_LOC_STRINGS = YES;
				SWIFT_VERSION = 5.0;
				TARGETED_DEVICE_FAMILY = "1,2";
			};
			name = Debug;
		};
		728A1C392BD98E480071E9B9 /* Release */ = {
			isa = XCBuildConfiguration;
			buildSettings = {
				ASSETCATALOG_COMPILER_APPICON_NAME = AppIcon;
				ASSETCATALOG_COMPILER_GLOBAL_ACCENT_COLOR_NAME = AccentColor;
				CODE_SIGN_ENTITLEMENTS = Bookworm/Bookworm.entitlements;
				CODE_SIGN_STYLE = Automatic;
				CURRENT_PROJECT_VERSION = 1;
				DEVELOPMENT_ASSET_PATHS = "\"Bookworm/Preview Content\"";
				ENABLE_PREVIEWS = YES;
				GENERATE_INFOPLIST_FILE = YES;
				"INFOPLIST_KEY_UIApplicationSceneManifest_Generation[sdk=iphoneos*]" = YES;
				"INFOPLIST_KEY_UIApplicationSceneManifest_Generation[sdk=iphonesimulator*]" = YES;
				"INFOPLIST_KEY_UIApplicationSupportsIndirectInputEvents[sdk=iphoneos*]" = YES;
				"INFOPLIST_KEY_UIApplicationSupportsIndirectInputEvents[sdk=iphonesimulator*]" = YES;
				"INFOPLIST_KEY_UILaunchScreen_Generation[sdk=iphoneos*]" = YES;
				"INFOPLIST_KEY_UILaunchScreen_Generation[sdk=iphonesimulator*]" = YES;
				"INFOPLIST_KEY_UIStatusBarStyle[sdk=iphoneos*]" = UIStatusBarStyleDefault;
				"INFOPLIST_KEY_UIStatusBarStyle[sdk=iphonesimulator*]" = UIStatusBarStyleDefault;
				INFOPLIST_KEY_UISupportedInterfaceOrientations_iPad = "UIInterfaceOrientationPortrait UIInterfaceOrientationPortraitUpsideDown UIInterfaceOrientationLandscapeLeft UIInterfaceOrientationLandscapeRight";
				INFOPLIST_KEY_UISupportedInterfaceOrientations_iPhone = "UIInterfaceOrientationPortrait UIInterfaceOrientationLandscapeLeft UIInterfaceOrientationLandscapeRight";
				IPHONEOS_DEPLOYMENT_TARGET = 17.5;
				LD_RUNPATH_SEARCH_PATHS = "@executable_path/Frameworks";
				"LD_RUNPATH_SEARCH_PATHS[sdk=macosx*]" = "@executable_path/../Frameworks";
				MACOSX_DEPLOYMENT_TARGET = 14.2;
				MARKETING_VERSION = 1.0;
				PRODUCT_BUNDLE_IDENTIFIER = com.nataliealvarez.Bookworm;
				PRODUCT_NAME = "$(TARGET_NAME)";
				SDKROOT = auto;
				SUPPORTED_PLATFORMS = "iphoneos iphonesimulator macosx";
				SWIFT_EMIT_LOC_STRINGS = YES;
				SWIFT_VERSION = 5.0;
				TARGETED_DEVICE_FAMILY = "1,2";
			};
			name = Release;
		};
/* End XCBuildConfiguration section */

/* Begin XCConfigurationList section */
		728A1C232BD98E470071E9B9 /* Build configuration list for PBXProject "Bookworm" */ = {
			isa = XCConfigurationList;
			buildConfigurations = (
				728A1C352BD98E480071E9B9 /* Debug */,
				728A1C362BD98E480071E9B9 /* Release */,
			);
			defaultConfigurationIsVisible = 0;
			defaultConfigurationName = Release;
		};
		728A1C372BD98E480071E9B9 /* Build configuration list for PBXNativeTarget "Bookworm" */ = {
			isa = XCConfigurationList;
			buildConfigurations = (
				728A1C382BD98E480071E9B9 /* Debug */,
				728A1C392BD98E480071E9B9 /* Release */,
			);
			defaultConfigurationIsVisible = 0;
			defaultConfigurationName = Release;
		};
/* End XCConfigurationList section */
	};
	rootObject = 728A1C202BD98E470071E9B9 /* Project object */;
}
